
Microsoft Visual Studio Solution File, Format Version 12.00
# Visual Studio Version 17
VisualStudioVersion = 17.7.34031.279
MinimumVisualStudioVersion = 10.0.40219.1
Project("{FAE04EC0-301F-11D3-BF4B-00C04F79EFBC}") = "HomeTask18(Enum)", "HomeTask18(Enum).csproj", "{B02478B0-6FF4-464A-BBCE-A5E2E59D2E2F}"
EndProject
Global
	GlobalSection(SolutionConfigurationPlatforms) = preSolution
		Debug|Any CPU = Debug|Any CPU
		Release|Any CPU = Release|Any CPU
	EndGlobalSection
	GlobalSection(ProjectConfigurationPlatforms) = postSolution
		{B02478B0-6FF4-464A-BBCE-A5E2E59D2E2F}.Debug|Any CPU.ActiveCfg = Debug|Any CPU
		{B02478B0-6FF4-464A-BBCE-A5E2E59D2E2F}.Debug|Any CPU.Build.0 = Debug|Any CPU
		{B02478B0-6FF4-464A-BBCE-A5E2E59D2E2F}.Release|Any CPU.ActiveCfg = Release|Any CPU
		{B02478B0-6FF4-464A-BBCE-A5E2E59D2E2F}.Release|Any CPU.Build.0 = Release|Any CPU
	EndGlobalSection
	GlobalSection(SolutionProperties) = preSolution
		HideSolutionNode = FALSE
	EndGlobalSection
	GlobalSection(ExtensibilityGlobals) = postSolution
		SolutionGuid = {C4B4F057-F41A-4140-870B-4F2414627543}
	EndGlobalSection
EndGlobal
